
Microsoft Visual Studio Solution File, Format Version 12.00
# Visual Studio Version 17
VisualStudioVersion = 17.11.35327.3
MinimumVisualStudioVersion = 10.0.40219.1
Project("{8BC9CEB8-8B4A-11D0-8D11-00A0C91BC942}") = "CA2 - Ruby White - GD3B", "CA2 - Ruby White - GD3B\CA2 - Ruby White - GD3B.vcxproj", "{BA78B074-9AC6-4660-AA47-8E332B94B087}"
EndProject
Project("{8BC9CEB8-8B4A-11D0-8D11-00A0C91BC942}") = "SplitWords", "SplitWords\SplitWords.vcxproj", "{7382DDAD-9737-4EA2-8FAD-6423A086FB4B}"
EndProject
Project("{8BC9CEB8-8B4A-11D0-8D11-00A0C91BC942}") = "ReadCSV", "ReadCSV\ReadCSV.vcxproj", "{FCE6C3A0-3873-44A1-8CAF-6791CD7591AD}"
EndProject
Project("{8BC9CEB8-8B4A-11D0-8D11-00A0C91BC942}") = "Test Tree Map", "UnitTest1\UnitTest1.vcxproj", "{05FE7893-2B35-45C0-9DAB-C4AC59E74850}"
EndProject
Global
	GlobalSection(SolutionConfigurationPlatforms) = preSolution
		Debug|x64 = Debug|x64
		Debug|x86 = Debug|x86
		Release|x64 = Release|x64
		Release|x86 = Release|x86
	EndGlobalSection
	GlobalSection(ProjectConfigurationPlatforms) = postSolution
		{BA78B074-9AC6-4660-AA47-8E332B94B087}.Debug|x64.ActiveCfg = Debug|x64
		{BA78B074-9AC6-4660-AA47-8E332B94B087}.Debug|x64.Build.0 = Debug|x64
		{BA78B074-9AC6-4660-AA47-8E332B94B087}.Debug|x86.ActiveCfg = Debug|Win32
		{BA78B074-9AC6-4660-AA47-8E332B94B087}.Debug|x86.Build.0 = Debug|Win32
		{BA78B074-9AC6-4660-AA47-8E332B94B087}.Release|x64.ActiveCfg = Release|x64
		{BA78B074-9AC6-4660-AA47-8E332B94B087}.Release|x64.Build.0 = Release|x64
		{BA78B074-9AC6-4660-AA47-8E332B94B087}.Release|x86.ActiveCfg = Release|Win32
		{BA78B074-9AC6-4660-AA47-8E332B94B087}.Release|x86.Build.0 = Release|Win32
		{7382DDAD-9737-4EA2-8FAD-6423A086FB4B}.Debug|x64.ActiveCfg = Debug|x64
		{7382DDAD-9737-4EA2-8FAD-6423A086FB4B}.Debug|x64.Build.0 = Debug|x64
		{7382DDAD-9737-4EA2-8FAD-6423A086FB4B}.Debug|x86.ActiveCfg = Debug|Win32
		{7382DDAD-9737-4EA2-8FAD-6423A086FB4B}.Debug|x86.Build.0 = Debug|Win32
		{7382DDAD-9737-4EA2-8FAD-6423A086FB4B}.Release|x64.ActiveCfg = Release|x64
		{7382DDAD-9737-4EA2-8FAD-6423A086FB4B}.Release|x64.Build.0 = Release|x64
		{7382DDAD-9737-4EA2-8FAD-6423A086FB4B}.Release|x86.ActiveCfg = Release|Win32
		{7382DDAD-9737-4EA2-8FAD-6423A086FB4B}.Release|x86.Build.0 = Release|Win32
		{FCE6C3A0-3873-44A1-8CAF-6791CD7591AD}.Debug|x64.ActiveCfg = Debug|x64
		{FCE6C3A0-3873-44A1-8CAF-6791CD7591AD}.Debug|x64.Build.0 = Debug|x64
		{FCE6C3A0-3873-44A1-8CAF-6791CD7591AD}.Debug|x86.ActiveCfg = Debug|Win32
		{FCE6C3A0-3873-44A1-8CAF-6791CD7591AD}.Debug|x86.Build.0 = Debug|Win32
		{FCE6C3A0-3873-44A1-8CAF-6791CD7591AD}.Release|x64.ActiveCfg = Release|x64
		{FCE6C3A0-3873-44A1-8CAF-6791CD7591AD}.Release|x64.Build.0 = Release|x64
		{FCE6C3A0-3873-44A1-8CAF-6791CD7591AD}.Release|x86.ActiveCfg = Release|Win32
		{FCE6C3A0-3873-44A1-8CAF-6791CD7591AD}.Release|x86.Build.0 = Release|Win32
		{05FE7893-2B35-45C0-9DAB-C4AC59E74850}.Debug|x64.ActiveCfg = Debug|x64
		{05FE7893-2B35-45C0-9DAB-C4AC59E74850}.Debug|x64.Build.0 = Debug|x64
		{05FE7893-2B35-45C0-9DAB-C4AC59E74850}.Debug|x86.ActiveCfg = Debug|Win32
		{05FE7893-2B35-45C0-9DAB-C4AC59E74850}.Debug|x86.Build.0 = Debug|Win32
		{05FE7893-2B35-45C0-9DAB-C4AC59E74850}.Release|x64.ActiveCfg = Release|x64
		{05FE7893-2B35-45C0-9DAB-C4AC59E74850}.Release|x64.Build.0 = Release|x64
		{05FE7893-2B35-45C0-9DAB-C4AC59E74850}.Release|x86.ActiveCfg = Release|Win32
		{05FE7893-2B35-45C0-9DAB-C4AC59E74850}.Release|x86.Build.0 = Release|Win32
	EndGlobalSection
	GlobalSection(SolutionProperties) = preSolution
		HideSolutionNode = FALSE
	EndGlobalSection
	GlobalSection(ExtensibilityGlobals) = postSolution
		SolutionGuid = {E3924452-8BF3-47CE-8680-E8A18F388BA3}
	EndGlobalSection
EndGlobal
